version = 1
revision = 3
requires-python = ">=3.11, <3.14"

[[package]]
name = "annotated-types"
version = "0.8.0"
source = { registry = "https://pypi.org/simple" }
sdist = { url = "https://files.pythonhosted.org/packages/5f/56/a8120250d128bed162cd73c76d45f6ef9991f3e068f62a8ee060afa3104a/annotated_types-0.8.0.tar.gz", hash = "sha256:13b2beaad985e05e2d6407ee4c4f35590b11f8d693a258a561055cac8f64cab7", size = 15893, upload-time = "2026-07-23T20:16:13.995Z" }
wheels = [
    { url = "https://files.pythonhosted.org/packages/99/91/8acff4f5e50511b911bbccb72b8628a49c68ce14148cd9f6431094859a90/annotated_types-0.8.0-py3-none-any.whl", hash = "sha256:f072f4d804ea359e4eaf198b1af7a8b0943881a87f31bb764f8bf219bb9419e0", size = 13427, upload-time = "2026-07-23T20:16:12.938Z" },
]

[[package]]
name = "colorama"
version = "0.4.6"
source = { registry = "https://pypi.org/simple" }
sdist = { url = "https://files.pythonhosted.org/packages/d8/53/6f443c9a4a8358a93a6792e2acffb9d9d5cb0a5cfd8802644b7b1c9a02e4/colorama-0.4.6.tar.gz", hash = "sha256:08695f5cb7ed6e0531a20572697297273c47b8cae5a63ffc6d6ed5c201be6e44", size = 27697, upload-time = "2022-10-25T02:36:22.414Z" }
wheels = [
    { url = "https://files.pythonhosted.org/packages/d1/d6/3965ed04c63042e047cb6a3e6ed1a63a35087b6a609aa3a15ed8ac56c221/colorama-0.4.6-py2.py3-none-any.whl", hash = "sha256:4f1d9991f5acc0ca119f9d443620b77f9d6b33703e51011c16baf57afb285fc6", size = 25335, upload-time = "2022-10-25T02:36:20.889Z" },
]

[[package]]
name = "hypothesis"
version = "6.165.0"
source = { registry = "https://pypi.org/simple" }
dependencies = [
    { name = "sortedcontainers" },
]
sdist = { url = "https://files.pythonhosted.org/packages/5e/6f/324d76c305075036519f63f986e81e8c3f7d0a3510eb88510bc407967ab0/hypothesis-6.165.0.tar.gz", hash = "sha256:b54e86cb1d7d049eb934e7843f179889252263b24290ebd38549466c9c9351d9", size = 493017, upload-time = "2026-08-02T00:20:26.755Z" }
wheels = [
    { url = "https://files.pythonhosted.org/packages/18/f2/c85859811281475dc3dddd628979be6683ea5012494316250d29a6d9d72a/hypothesis-6.165.0-cp310-abi3-macosx_10_12_x86_64.whl", hash = "sha256:dda3707dfdfdc1397b7489ecb81534f47f22f98d468c51c92d591d6967c58b29", size = 772599, upload-time = "2026-08-02T00:19:34.099Z" },
    { url = "https://files.pythonhosted.org/packages/a0/05/a28b2ad55773b36812a1ad6f88d55b051ef324c606efa880c78ccceefbd6/hypothesis-6.165.0-cp310-abi3-macosx_11_0_arm64.whl", hash = "sha256:a384468744915435a25a9f2dcd0a74e9f78f8d56cb51f5ea1c1c4973bd40bd5b", size = 768129, upload-time = "2026-08-02T00:19:38.326Z" },
    { url = "https://files.pythonhosted.org/packages/58/ab/3567e7f5aa16319ee9e0fb014e588149e4ef6080028fc07f2748deed9f0d/hypothesis-6.165.0-cp310-abi3-manylinux_2_17_aarch64.manylinux2014_aarch64.whl", hash = "sha256:d65562b9866a5a4be4c731bd4018152861997675b92ed6d0f29e925999928f9a", size = 1097411, upload-time = "2026-08-02T00:18:58.073Z" },
    { url = "https://files.pythonhosted.org/packages/bd/5d/312c3b3831183668beff6974a290390f2327846e3bd0baa44f116eecc1bc/hypothesis-6.165.0-cp310-abi3-manylinux_2_17_armv7l.manylinux2014_armv7l.whl", hash = "sha256:b402560b0463e643170d904a5987f61bc388718f7b48d4521b7a5b22e6a27019", size = 1125993, upload-time = "2026-08-02T00:19:36.967Z" },
    { url = "https://files.pythonhosted.org/packages/bd/39/f47f529c41853d56c0ceac5dcb69a6ffae43d1367877575b2b57c9c60fb3/hypothesis-6.165.0-cp310-abi3-manylinux_2_17_x86_64.manylinux2014_x86_64.whl", hash = "sha256:c1e134b573c18fb7e79f915ccad3585f81c0b92ff7cf89f6c0b0d966a5ac5156", size = 1146830, upload-time = "2026-08-02T00:19:07.51Z" },
    { url = "https://files.pythonhosted.org/packages/fd/9f/4d613a35b834c602499746c0d8036aa5c0a9b2c7a23f294292a132a352db/hypothesis-6.165.0-cp310-abi3-manylinux_2_31_riscv64.whl", hash = "sha256:22d3b846796593117a1227b6d9e8c0c1269ce6327fa6345fb50f24a038e1a0c1", size = 1102233, upload-time = "2026-08-02T00:20:25.053Z" },
    { url = "https://files.pythonhosted.org/packages/7f/69/f11136ed8feac210f247dcad53c9a5cbcf067ae42d4d51c9ba61640aafc1/hypothesis-6.165.0-cp310-abi3-manylinux_2_5_i686.manylinux1_i686.whl", hash = "sha256:47d419899477ed35704d4f90f82aadbaa50080d7d0ff33db6727bbc4b1c3956d", size = 1138969, upload-time = "2026-08-02T00:19:32.587Z" },
    { url = "https://files.pythonhosted.org/packages/b2/ad/dbd5e97bf214993033ddb93f199d99410be33d7f997996c8dc2f6255edfc/hypothesis-6.165.0-cp310-abi3-musllinux_1_2_aarch64.whl", hash = "sha256:71721d9de23b60f5436a1b8b8fddccd6df606efbb406f36254195089974518ee", size = 1271210, upload-time = "2026-08-02T00:20:16.318Z" },
    { url = "https://files.pythonhosted.org/packages/9f/f1/db4ecb5f01cebc19ccfe8b4b170fa211f2cfd22946ca8c9f4007eba59140/hypothesis-6.165.0-cp310-abi3-musllinux_1_2_armv7l.whl", hash = "sha256:584734f6380f1965498bff2f72af307c182b3398a9c4e1b2f31e43dd1aa9c922", size = 1399053, upload-time = "2026-08-02T00:19:55.646Z" },
    { url = "https://files.pythonhosted.org/packages/68/15/205570c5f3935e074b93c7b6bda87889039d59ba39426c70e7c93bfdc939/hypothesis-6.165.0-cp310-abi3-musllinux_1_2_riscv64.whl", hash = "sha256:61d99c493f759809e64dbe544a47948537460c9f03f916d66291bb63965fc91a", size = 1271824, upload-time = "2026-08-02T00:19:52.519Z" },
    { url = "https://files.pythonhosted.org/packages/fb/5e/d77c9cf07bd4a7b2c386cc7f8eba6c614d62723e830d0366ca2381f35cb1/hypothesis-6.165.0-cp310-abi3-musllinux_1_2_x86_64.whl", hash = "sha256:68629657d49b7dba3f061d0224441df068c0c03e7a17efc278782f637d810db7", size = 1313877, upload-time = "2026-08-02T00:19:13.765Z" },
    { url = "https://files.pythonhosted.org/packages/38/46/6e7f945c465b94951bb91bbc50cb1dc847a749d32e1e5efd6e47a5a7747b/hypothesis-6.165.0-cp310-abi3-win32.whl", hash = "sha256:90633ec15635385723d29a1e9b6fe8f63e17b33641353c6b58fc7d277672ef29", size = 658400, upload-time = "2026-08-02T00:19:31.133Z" },
    { url = "https://files.pythonhosted.org/packages/06/c5/81519854c72e1f57ec44df6484f6a34f1789f1fc4c0b8647d2fd1e28d25c/hypothesis-6.165.0-cp310-abi3-win_amd64.whl", hash = "sha256:bab53228c59978c74c87dba27db4656feaf991f20db5242ea263531477227247", size = 664538, upload-time = "2026-08-02T00:20:02.436Z" },
    { url = "https://files.pythonhosted.org/packages/c4/b4/ce9cfc632c1b77560b22971e93fe6c6cff34eee553aa6ca1ad3a808296f0/hypothesis-6.165.0-cp311-cp311-macosx_10_12_x86_64.whl", hash = "sha256:d71abdac3786725b3af5657024b00f8cfc690e56a8ba5020fd693f2d4339bcc6", size = 773089, upload-time = "2026-08-02T00:20:11.05Z" },
    { url = "https://files.pythonhosted.org/packages/16/a6/e5203ff1eddf77439435b01e646941ca8b172ea402dfb35e921b9f1da1f7/hypothesis-6.165.0-cp311-cp311-macosx_11_0_arm64.whl", hash = "sha256:ddf924a80fc9b8cbd3bf31282821111be30e0ea5262c755fff861b827c9667d7", size = 768849, upload-time = "2026-08-02T00:19:15.008Z" },
    { url = "https://files.pythonhosted.org/packages/26/f4/b6ee0d48ee9043f9d689ee573e5f4093e1a6276d5c59a8e8fca70cef278d/hypothesis-6.165.0-cp311-cp311-manylinux_2_17_aarch64.manylinux2014_aarch64.whl", hash = "sha256:f4acd5f4e33afe297262bc8ae017d800f76fbeb6c8ec6fcb8885f210781fe826", size = 1097739, upload-time = "2026-08-02T00:19:47.251Z" },
    { url = "https://files.pythonhosted.org/packages/41/3e/ae3197c6e4625e74a88100e21ae8c20f112d4dbf0e100b5deaf1a5a890a8/hypothesis-6.165.0-cp311-cp311-manylinux_2_17_x86_64.manylinux2014_x86_64.whl", hash = "sha256:1d4b41dfc0e43533ef8e1525cd5084f880d633d4dec512bb63d3d33766bad288", size = 1147192, upload-time = "2026-08-02T00:19:09.936Z" },
    { url = "https://files.pythonhosted.org/packages/0e/3b/e76d981d4d1cb47963db2a658ae09fea60f9806cf402477ff5c3088404ae/hypothesis-6.165.0-cp311-cp311-musllinux_1_2_aarch64.whl", hash = "sha256:121ca3e24c74bbed3cb9841ef37d25535fa32ec4708a252ef1a76516d35ccda8", size = 1271565, upload-time = "2026-08-02T00:19:26.951Z" },
    { url = "https://files.pythonhosted.org/packages/d3/c4/26105448321ca3363494bd7a660bf6511461afb7cc90b4d99f0dc78b7843/hypothesis-6.165.0-cp311-cp311-musllinux_1_2_x86_64.whl", hash = "sha256:8f7a440ef9f8319d26998e89ee83474ce9accb34eca4321e480ad3d2fbd74622", size = 1314212, upload-time = "2026-08-02T00:18:56.873Z" },
    { url = "https://files.pythonhosted.org/packages/50/ed/70377905d6934cd5387cf027480c683240bf3e6c2c7d2208c82e16af2bdb/hypothesis-6.165.0-cp311-cp311-win_amd64.whl", hash = "sha256:d6d634e0e2ae2e367ea54180c0c654bd0ca756204cdec2473e01ebab2eaad793", size = 664291, upload-time = "2026-08-02T00:19:02.908Z" },
    { url = "https://files.pythonhosted.org/packages/e5/1e/dd8e7c7cfd7635f632eba381f89dfbb9af77dc55fc5a11a754f0c0fba1a0/hypothesis-6.165.0-cp312-cp312-macosx_10_12_x86_64.whl", hash = "sha256:6942d6a0002092c9a1166915d26a3257c17da4b8c76859c9841b84a21a572262", size = 774175, upload-time = "2026-08-02T00:19:45.731Z" },
    { url = "https://files.pythonhosted.org/packages/62/17/84b4102defda7916512badf2741b203688cb4236e6be10bf656997b9255d/hypothesis-6.165.0-cp312-cp312-macosx_11_0_arm64.whl", hash = "sha256:20a17a11eeb3816b3d4c9576d4d9b44a985bf062ae232d0fad9a2e5c16b35a6b", size = 765771, upload-time = "2026-08-02T00:20:19.735Z" },
    { url = "https://files.pythonhosted.org/packages/98/13/5f3a0f944286dc2913e9c84a788213e952d9e94b806e53c69bddce71eef9/hypothesis-6.165.0-cp312-cp312-manylinux_2_17_aarch64.manylinux2014_aarch64.whl", hash = "sha256:c2d5018013480fe207408e0d7c04244c46a7113c1c2aef779cbe17e1f8750988", size = 1096190, upload-time = "2026-08-02T00:19:28.44Z" },
    { url = "https://files.pythonhosted.org/packages/34/87/11f9386bffecf9bbc13f459f308a844a512a3f34354cb8c3087f0733190a/hypothesis-6.165.0-cp312-cp312-manylinux_2_17_x86_64.manylinux2014_x86_64.whl", hash = "sha256:504feb1f67bd1e6c83d42982f9f80a6d11acb164cc11519d4abf2e7479394be2", size = 1146237, upload-time = "2026-08-02T00:20:05.906Z" },
    { url = "https://files.pythonhosted.org/packages/9d/ac/f24008063d2ed5eca2a8f59286849360dcf8c821a241e3553229f3d2d700/hypothesis-6.165.0-cp312-cp312-musllinux_1_2_aarch64.whl", hash = "sha256:eff69d0c3ad00fe82f06420c8d13c33b86db24636c96ac457cbd9a5a588f6e88", size = 1269013, upload-time = "2026-08-02T00:19:42.717Z" },
    { url = "https://files.pythonhosted.org/packages/44/43/b5ba1be7cebe0ca1c320e188a35761050cc933b8563c9cff0ce8d2d81518/hypothesis-6.165.0-cp312-cp312-musllinux_1_2_x86_64.whl", hash = "sha256:db118ef2c469fe607ac617a15ccc8bc0e05f27b866c1d923c963d9edd3e4b7e1", size = 1313226, upload-time = "2026-08-02T00:20:17.954Z" },
    { url = "https://files.pythonhosted.org/packages/92/c3/70a6f3ce669616b78adfd39bcb78cbc88e68bd1a6f670eb5b88273ae7cec/hypothesis-6.165.0-cp312-cp312-win_amd64.whl", hash = "sha256:f16f8fd1ca5d1a080a360bb37eee73f3fecf3ddabdcec979ae01b76ed895e777", size = 661691, upload-time = "2026-08-02T00:19:44.18Z" },
    { url = "https://files.pythonhosted.org/packages/e3/d4/3418ba26110b6c29e866bf1baa5b2d447827d00811e181be12ce08aebb9c/hypothesis-6.165.0-cp313-cp313-macosx_10_12_x86_64.whl", hash = "sha256:82385ff61d309b77097580e7200dc3e038f5eb78d3fe1a4aa0d110e5f1afa9df", size = 774071, upload-time = "2026-08-02T00:19:23.829Z" },
    { url = "https://files.pythonhosted.org/packages/aa/f4/d89ab31f52ecbcc8328d25add616b9d530a5f76003ae4ac5a9bfc7080db5/hypothesis-6.165.0-cp313-cp313-macosx_11_0_arm64.whl", hash = "sha256:2e7b277f56786ec0730cd3e428ea3611b59e3ecae3382553f3fea958e8c2c25f", size = 765718, upload-time = "2026-08-02T00:19:35.595Z" },
    { url = "https://files.pythonhosted.org/packages/06/13/10a32a1e3ba78c3b66281aa1e2764269765ad058fb977d6b62dc6679e63a/hypothesis-6.165.0-cp313-cp313-manylinux_2_17_aarch64.manylinux2014_aarch64.whl", hash = "sha256:c73d3d4e57a00122a2657ae400b8d066fd0cfa1621c6aa3a6b38dd4b4c268035", size = 1096108, upload-time = "2026-08-02T00:20:09.316Z" },
    { url = "https://files.pythonhosted.org/packages/ef/87/f16688e373b982f6fb3bf0edd4aa42eb731e8a758582052ec1bfe7c93b30/hypothesis-6.165.0-cp313-cp313-manylinux_2_17_x86_64.manylinux2014_x86_64.whl", hash = "sha256:89b41b1daa93c9e544cdad636ec87d4a45169d1922c6aff80fa282cd1edeeb74", size = 1146051, upload-time = "2026-08-02T00:19:49.262Z" },
    { url = "https://files.pythonhosted.org/packages/af/2f/a560867b9be5c908e379c4a308a7e44b8082e18faf4096b5a0708497ba30/hypothesis-6.165.0-cp313-cp313-musllinux_1_2_aarch64.whl", hash = "sha256:3b2fef387ec63e60c85db6c4fc95b07a6b7f35c971381997c862d309af9e1e4b", size = 1269056, upload-time = "2026-08-02T00:20:21.588Z" },
    { url = "https://files.pythonhosted.org/packages/0b/60/35d03cf44a7803622fa39121e8c674253175890a9b081ae0b8137a1d32ef/hypothesis-6.165.0-cp313-cp313-musllinux_1_2_x86_64.whl", hash = "sha256:c681bdf0036ba7923b7c4225937a48e12db7029a286b51ddc03d9b08afe2f040", size = 1312946, upload-time = "2026-08-02T00:19:12.547Z" },
    { url = "https://files.pythonhosted.org/packages/30/a9/1b587430b9ec6576fdafa102657d70d456b5694db45ee21fba88aa0c8ea1/hypothesis-6.165.0-cp313-cp313-win_amd64.whl", hash = "sha256:29edc5a08334985cea55afe6ab564c147e4b804179265eb303c9ed8e494c211b", size = 661683, upload-time = "2026-08-02T00:19:29.812Z" },
    { url = "https://files.pythonhosted.org/packages/71/12/90cd963d686df240b6af82f627fc4dda3d579fc336bd56f2475dca478821/hypothesis-6.165.0-pp311-pypy311_pp73-macosx_10_12_x86_64.whl", hash = "sha256:1c228b2fdd018e56a50c5a18e003fa8d139374321f2e79739c19ffcc1138b6b3", size = 773967, upload-time = "2026-08-02T00:19:58.959Z" },
    { url = "https://files.pythonhosted.org/packages/23/72/25ad50dcd40978ca8b27f952a7532cbf4c15ed9cf26e93df457dafe9823a/hypothesis-6.165.0-pp311-pypy311_pp73-macosx_11_0_arm64.whl", hash = "sha256:66376231b678675abfd670a6df1bb59c4e760c894411d4333dd48126072fc0a8", size = 769854, upload-time = "2026-08-02T00:18:54.669Z" },
    { url = "https://files.pythonhosted.org/packages/e5/f2/c2fa2b97323315b31582bf922848e1a071323937ec39299bc1d1ee7a3222/hypothesis-6.165.0-pp311-pypy311_pp73-manylinux_2_17_aarch64.manylinux2014_aarch64.whl", hash = "sha256:b407d4441af3f0c807a0904ec9d4c7cb71a5612961f2a6a23475eeb34329392d", size = 1098711, upload-time = "2026-08-02T00:19:57.433Z" },
    { url = "https://files.pythonhosted.org/packages/23/e2/6eaa36f5fa1cdde9a8222fd120ee4815e6fdc43f16ca99b3569a36ce961c/hypothesis-6.165.0-pp311-pypy311_pp73-manylinux_2_17_x86_64.manylinux2014_x86_64.whl", hash = "sha256:06970b389b442740bb6aece39bda3c925d7ac5c23d9bcdcae9f5b2c6aa3002b0", size = 1148501, upload-time = "2026-08-02T00:20:23.334Z" },
    { url = "https://files.pythonhosted.org/packages/76/de/c85cc3ab0e8a807637d349e1600f55e0d3451da97d8639f479aa37639752/hypothesis-6.165.0-pp311-pypy311_pp73-win_amd64.whl", hash = "sha256:1748c1e6db507023cda4bd21d7706ad17b9339fb99232676e0ddbb213ff976e3", size = 665371, upload-time = "2026-08-02T00:19:04.017Z" },
]

[[package]]
name = "iniconfig"
version = "2.3.0"
source = { registry = "https://pypi.org/simple" }
sdist = { url = "https://files.pythonhosted.org/packages/72/34/14ca021ce8e5dfedc35312d08ba8bf51fdd999c576889fc2c24cb97f4f10/iniconfig-2.3.0.tar.gz", hash = "sha256:c76315c77db068650d49c5b56314774a7804df16fee4402c1f19d6d15d8c4730", size = 20503, upload-time = "2025-10-18T21:55:43.219Z" }
wheels = [
    { url = "https://files.pythonhosted.org/packages/cb/b1/3846dd7f199d53cb17f49cba7e651e9ce294d8497c8c150530ed11865bb8/iniconfig-2.3.0-py3-none-any.whl", hash = "sha256:f631c04d2c48c52b84d0d0549c99ff3859c98df65b3101406327ecc7d53fbf12", size = 7484, upload-time = "2025-10-18T21:55:41.639Z" },
]

[[package]]
name = "packaging"
version = "26.2"
source = { registry = "https://pypi.org/simple" }
sdist = { url = "https://files.pythonhosted.org/packages/d7/f1/e7a6dd94a8d4a5626c03e4e99c87f241ba9e350cd9e6d75123f992427270/packaging-26.2.tar.gz", hash = "sha256:ff452ff5a3e828ce110190feff1178bb1f2ea2281fa2075aadb987c2fb221661", size = 228134, upload-time = "2026-04-24T20:15:23.917Z" }
wheels = [
    { url = "https://files.pythonhosted.org/packages/df/b2/87e62e8c3e2f4b32e5fe99e0b86d576da1312593b39f47d8ceef365e95ed/packaging-26.2-py3-none-any.whl", hash = "sha256:5fc45236b9446107ff2415ce77c807cee2862cb6fac22b8a73826d0693b0980e", size = 100195, upload-time = "2026-04-24T20:15:22.081Z" },
]

[[package]]
name = "pluggy"
version = "1.6.0"
source = { registry = "https://pypi.org/simple" }
sdist = { url = "https://files.pythonhosted.org/packages/f9/e2/3e91f31a7d2b083fe6ef3fa267035b518369d9511ffab804f839851d2779/pluggy-1.6.0.tar.gz", hash = "sha256:7dcc130b76258d33b90f61b658791dede3486c3e6bfb003ee5c9bfb396dd22f3", size = 69412, upload-time = "2025-05-15T12:30:07.975Z" }
wheels = [
    { url = "https://files.pythonhosted.org/packages/54/20/4d324d65cc6d9205fabedc306948156824eb9f0ee1633355a8f7ec5c66bf/pluggy-1.6.0-py3-none-any.whl", hash = "sha256:e920276dd6813095e9377c0bc5566d94c932c33b27a3e3945d8389c374dd4746", size = 20538, upload-time = "2025-05-15T12:30:06.134Z" },
]

[[package]]
name = "pydantic"
version = "2.11.7"
source = { registry = "https://pypi.org/simple" }
dependencies = [
    { name = "annotated-types" },
    { name = "pydantic-core" },
    { name = "typing-extensions" },
    { name = "typing-inspection" },
]
sdist = { url = "https://files.pythonhosted.org/packages/00/dd/4325abf92c39ba8623b5af936ddb36ffcfe0beae70405d456ab1fb2f5b8c/pydantic-2.11.7.tar.gz", hash = "sha256:d989c3c6cb79469287b1569f7447a17848c998458d49ebe294e975b9baf0f0db", size = 788350, upload-time = "2025-06-14T08:33:17.137Z" }
wheels = [
    { url = "https://files.pythonhosted.org/packages/6a/c0/ec2b1c8712ca690e5d61979dee872603e92b8a32f94cc1b72d53beab008a/pydantic-2.11.7-py3-none-any.whl", hash = "sha256:dde5df002701f6de26248661f6835bbe296a47bf73990135c7d07ce741b9623b", size = 444782, upload-time = "2025-06-14T08:33:14.905Z" },
]

[[package]]
name = "pydantic-core"
version = "2.33.2"
source = { registry = "https://pypi.org/simple" }
dependencies = [
    { name = "typing-extensions" },
]
sdist = { url = "https://files.pythonhosted.org/packages/ad/88/5f2260bdfae97aabf98f1778d43f69574390ad787afb646292a638c923d4/pydantic_core-2.33.2.tar.gz", hash = "sha256:7cb8bc3605c29176e1b105350d2e6474142d7c1bd1d9327c4a9bdb46bf827acc", size = 435195, upload-time = "2025-04-23T18:33:52.104Z" }
wheels = [
    { url = "https://files.pythonhosted.org/packages/3f/8d/71db63483d518cbbf290261a1fc2839d17ff89fce7089e08cad07ccfce67/pydantic_core-2.33.2-cp311-cp311-macosx_10_12_x86_64.whl", hash = "sha256:4c5b0a576fb381edd6d27f0a85915c6daf2f8138dc5c267a57c08a62900758c7", size = 2028584, upload-time = "2025-04-23T18:31:03.106Z" },
    { url = "https://files.pythonhosted.org/packages/24/2f/3cfa7244ae292dd850989f328722d2aef313f74ffc471184dc509e1e4e5a/pydantic_core-2.33.2-cp311-cp311-macosx_11_0_arm64.whl", hash = "sha256:e799c050df38a639db758c617ec771fd8fb7a5f8eaaa4b27b101f266b216a246", size = 1855071, upload-time = "2025-04-23T18:31:04.621Z" },
    { url = "https://files.pythonhosted.org/packages/b3/d3/4ae42d33f5e3f50dd467761304be2fa0a9417fbf09735bc2cce003480f2a/pydantic_core-2.33.2-cp311-cp311-manylinux_2_17_aarch64.manylinux2014_aarch64.whl", hash = "sha256:dc46a01bf8d62f227d5ecee74178ffc448ff4e5197c756331f71efcc66dc980f", size = 1897823, upload-time = "2025-04-23T18:31:06.377Z" },
    { url = "https://files.pythonhosted.org/packages/f4/f3/aa5976e8352b7695ff808599794b1fba2a9ae2ee954a3426855935799488/pydantic_core-2.33.2-cp311-cp311-manylinux_2_17_armv7l.manylinux2014_armv7l.whl", hash = "sha256:a144d4f717285c6d9234a66778059f33a89096dfb9b39117663fd8413d582dcc", size = 1983792, upload-time = "2025-04-23T18:31:07.93Z" },
    { url = "https://files.pythonhosted.org/packages/d5/7a/cda9b5a23c552037717f2b2a5257e9b2bfe45e687386df9591eff7b46d28/pydantic_core-2.33.2-cp311-cp311-manylinux_2_17_ppc64le.manylinux2014_ppc64le.whl", hash = "sha256:73cf6373c21bc80b2e0dc88444f41ae60b2f070ed02095754eb5a01df12256de", size = 2136338, upload-time = "2025-04-23T18:31:09.283Z" },
    { url = "https://files.pythonhosted.org/packages/2b/9f/b8f9ec8dd1417eb9da784e91e1667d58a2a4a7b7b34cf4af765ef663a7e5/pydantic_core-2.33.2-cp311-cp311-manylinux_2_17_s390x.manylinux2014_s390x.whl", hash = "sha256:3dc625f4aa79713512d1976fe9f0bc99f706a9dee21dfd1810b4bbbf228d0e8a", size = 2730998, upload-time = "2025-04-23T18:31:11.7Z" },
    { url = "https://files.pythonhosted.org/packages/47/bc/cd720e078576bdb8255d5032c5d63ee5c0bf4b7173dd955185a1d658c456/pydantic_core-2.33.2-cp311-cp311-manylinux_2_17_x86_64.manylinux2014_x86_64.whl", hash = "sha256:881b21b5549499972441da4758d662aeea93f1923f953e9cbaff14b8b9565aef", size = 2003200, upload-time = "2025-04-23T18:31:13.536Z" },
    { url = "https://files.pythonhosted.org/packages/ca/22/3602b895ee2cd29d11a2b349372446ae9727c32e78a94b3d588a40fdf187/pydantic_core-2.33.2-cp311-cp311-manylinux_2_5_i686.manylinux1_i686.whl", hash = "sha256:bdc25f3681f7b78572699569514036afe3c243bc3059d3942624e936ec93450e", size = 2113890, upload-time = "2025-04-23T18:31:15.011Z" },
    { url = "https://files.pythonhosted.org/packages/ff/e6/e3c5908c03cf00d629eb38393a98fccc38ee0ce8ecce32f69fc7d7b558a7/pydantic_core-2.33.2-cp311-cp311-musllinux_1_1_aarch64.whl", hash = "sha256:fe5b32187cbc0c862ee201ad66c30cf218e5ed468ec8dc1cf49dec66e160cc4d", size = 2073359, upload-time = "2025-04-23T18:31:16.393Z" },
    { url = "https://files.pythonhosted.org/packages/12/e7/6a36a07c59ebefc8777d1ffdaf5ae71b06b21952582e4b07eba88a421c79/pydantic_core-2.33.2-cp311-cp311-musllinux_1_1_armv7l.whl", hash = "sha256:bc7aee6f634a6f4a95676fcb5d6559a2c2a390330098dba5e5a5f28a2e4ada30", size = 2245883, upload-time = "2025-04-23T18:31:17.892Z" },
    { url = "https://files.pythonhosted.org/packages/16/3f/59b3187aaa6cc0c1e6616e8045b284de2b6a87b027cce2ffcea073adf1d2/pydantic_core-2.33.2-cp311-cp311-musllinux_1_1_x86_64.whl", hash = "sha256:235f45e5dbcccf6bd99f9f472858849f73d11120d76ea8707115415f8e5ebebf", size = 2241074, upload-time = "2025-04-23T18:31:19.205Z" },
    { url = "https://files.pythonhosted.org/packages/e0/ed/55532bb88f674d5d8f67ab121a2a13c385df382de2a1677f30ad385f7438/pydantic_core-2.33.2-cp311-cp311-win32.whl", hash = "sha256:6368900c2d3ef09b69cb0b913f9f8263b03786e5b2a387706c5afb66800efd51", size = 1910538, upload-time = "2025-04-23T18:31:20.541Z" },
    { url = "https://files.pythonhosted.org/packages/fe/1b/25b7cccd4519c0b23c2dd636ad39d381abf113085ce4f7bec2b0dc755eb1/pydantic_core-2.33.2-cp311-cp311-win_amd64.whl", hash = "sha256:1e063337ef9e9820c77acc768546325ebe04ee38b08703244c1309cccc4f1bab", size = 1952909, upload-time = "2025-04-23T18:31:22.371Z" },
    { url = "https://files.pythonhosted.org/packages/49/a9/d809358e49126438055884c4366a1f6227f0f84f635a9014e2deb9b9de54/pydantic_core-2.33.2-cp311-cp311-win_arm64.whl", hash = "sha256:6b99022f1d19bc32a4c2a0d544fc9a76e3be90f0b3f4af413f87d38749300e65", size = 1897786, upload-time = "2025-04-23T18:31:24.161Z" },
    { url = "https://files.pythonhosted.org/packages/18/8a/2b41c97f554ec8c71f2a8a5f85cb56a8b0956addfe8b0efb5b3d77e8bdc3/pydantic_core-2.33.2-cp312-cp312-macosx_10_12_x86_64.whl", hash = "sha256:a7ec89dc587667f22b6a0b6579c249fca9026ce7c333fc142ba42411fa243cdc", size = 2009000, upload-time = "2025-04-23T18:31:25.863Z" },
    { url = "https://files.pythonhosted.org/packages/a1/02/6224312aacb3c8ecbaa959897af57181fb6cf3a3d7917fd44d0f2917e6f2/pydantic_core-2.33.2-cp312-cp312-macosx_11_0_arm64.whl", hash = "sha256:3c6db6e52c6d70aa0d00d45cdb9b40f0433b96380071ea80b09277dba021ddf7", size = 1847996, upload-time = "2025-04-23T18:31:27.341Z" },
    { url = "https://files.pythonhosted.org/packages/d6/46/6dcdf084a523dbe0a0be59d054734b86a981726f221f4562aed313dbcb49/pydantic_core-2.33.2-cp312-cp312-manylinux_2_17_aarch64.manylinux2014_aarch64.whl", hash = "sha256:4e61206137cbc65e6d5256e1166f88331d3b6238e082d9f74613b9b765fb9025", size = 1880957, upload-time = "2025-04-23T18:31:28.956Z" },
    { url = "https://files.pythonhosted.org/packages/ec/6b/1ec2c03837ac00886ba8160ce041ce4e325b41d06a034adbef11339ae422/pydantic_core-2.33.2-cp312-cp312-manylinux_2_17_armv7l.manylinux2014_armv7l.whl", hash = "sha256:eb8c529b2819c37140eb51b914153063d27ed88e3bdc31b71198a198e921e011", size = 1964199, upload-time = "2025-04-23T18:31:31.025Z" },
    { url = "https://files.pythonhosted.org/packages/2d/1d/6bf34d6adb9debd9136bd197ca72642203ce9aaaa85cfcbfcf20f9696e83/pydantic_core-2.33.2-cp312-cp312-manylinux_2_17_ppc64le.manylinux2014_ppc64le.whl", hash = "sha256:c52b02ad8b4e2cf14ca7b3d918f3eb0ee91e63b3167c32591e57c4317e134f8f", size = 2120296, upload-time = "2025-04-23T18:31:32.514Z" },
    { url = "https://files.pythonhosted.org/packages/e0/94/2bd0aaf5a591e974b32a9f7123f16637776c304471a0ab33cf263cf5591a/pydantic_core-2.33.2-cp312-cp312-manylinux_2_17_s390x.manylinux2014_s390x.whl", hash = "sha256:96081f1605125ba0855dfda83f6f3df5ec90c61195421ba72223de35ccfb2f88", size = 2676109, upload-time = "2025-04-23T18:31:33.958Z" },
    { url = "https://files.pythonhosted.org/packages/f9/41/4b043778cf9c4285d59742281a769eac371b9e47e35f98ad321349cc5d61/pydantic_core-2.33.2-cp312-cp312-manylinux_2_17_x86_64.manylinux2014_x86_64.whl", hash = "sha256:8f57a69461af2a5fa6e6bbd7a5f60d3b7e6cebb687f55106933188e79ad155c1", size = 2002028, upload-time = "2025-04-23T18:31:39.095Z" },
    { url = "https://files.pythonhosted.org/packages/cb/d5/7bb781bf2748ce3d03af04d5c969fa1308880e1dca35a9bd94e1a96a922e/pydantic_core-2.33.2-cp312-cp312-manylinux_2_5_i686.manylinux1_i686.whl", hash = "sha256:572c7e6c8bb4774d2ac88929e3d1f12bc45714ae5ee6d9a788a9fb35e60bb04b", size = 2100044, upload-time = "2025-04-23T18:31:41.034Z" },
    { url = "https://files.pythonhosted.org/packages/fe/36/def5e53e1eb0ad896785702a5bbfd25eed546cdcf4087ad285021a90ed53/pydantic_core-2.33.2-cp312-cp312-musllinux_1_1_aarch64.whl", hash = "sha256:db4b41f9bd95fbe5acd76d89920336ba96f03e149097365afe1cb092fceb89a1", size = 2058881, upload-time = "2025-04-23T18:31:42.757Z" },
    { url = "https://files.pythonhosted.org/packages/01/6c/57f8d70b2ee57fc3dc8b9610315949837fa8c11d86927b9bb044f8705419/pydantic_core-2.33.2-cp312-cp312-musllinux_1_1_armv7l.whl", hash = "sha256:fa854f5cf7e33842a892e5c73f45327760bc7bc516339fda888c75ae60edaeb6", size = 2227034, upload-time = "2025-04-23T18:31:44.304Z" },
    { url = "https://files.pythonhosted.org/packages/27/b9/9c17f0396a82b3d5cbea4c24d742083422639e7bb1d5bf600e12cb176a13/pydantic_core-2.33.2-cp312-cp312-musllinux_1_1_x86_64.whl", hash = "sha256:5f483cfb75ff703095c59e365360cb73e00185e01aaea067cd19acffd2ab20ea", size = 2234187, upload-time = "2025-04-23T18:31:45.891Z" },
    { url = "https://files.pythonhosted.org/packages/b0/6a/adf5734ffd52bf86d865093ad70b2ce543415e0e356f6cacabbc0d9ad910/pydantic_core-2.33.2-cp312-cp312-win32.whl", hash = "sha256:9cb1da0f5a471435a7bc7e439b8a728e8b61e59784b2af70d7c169f8dd8ae290", size = 1892628, upload-time = "2025-04-23T18:31:47.819Z" },
    { url = "https://files.pythonhosted.org/packages/43/e4/5479fecb3606c1368d496a825d8411e126133c41224c1e7238be58b87d7e/pydantic_core-2.33.2-cp312-cp312-win_amd64.whl", hash = "sha256:f941635f2a3d96b2973e867144fde513665c87f13fe0e193c158ac51bfaaa7b2", size = 1955866, upload-time = "2025-04-23T18:31:49.635Z" },
    { url = "https://files.pythonhosted.org/packages/0d/24/8b11e8b3e2be9dd82df4b11408a67c61bb4dc4f8e11b5b0fc888b38118b5/pydantic_core-2.33.2-cp312-cp312-win_arm64.whl", hash = "sha256:cca3868ddfaccfbc4bfb1d608e2ccaaebe0ae628e1416aeb9c4d88c001bb45ab", size = 1888894, upload-time = "2025-04-23T18:31:51.609Z" },
    { url = "https://files.pythonhosted.org/packages/46/8c/99040727b41f56616573a28771b1bfa08a3d3fe74d3d513f01251f79f172/pydantic_core-2.33.2-cp313-cp313-macosx_10_12_x86_64.whl", hash = "sha256:1082dd3e2d7109ad8b7da48e1d4710c8d06c253cbc4a27c1cff4fbcaa97a9e3f", size = 2015688, upload-time = "2025-04-23T18:31:53.175Z" },
    { url = "https://files.pythonhosted.org/packages/3a/cc/5999d1eb705a6cefc31f0b4a90e9f7fc400539b1a1030529700cc1b51838/pydantic_core-2.33.2-cp313-cp313-macosx_11_0_arm64.whl", hash = "sha256:f517ca031dfc037a9c07e748cefd8d96235088b83b4f4ba8939105d20fa1dcd6", size = 1844808, upload-time = "2025-04-23T18:31:54.79Z" },
    { url = "https://files.pythonhosted.org/packages/6f/5e/a0a7b8885c98889a18b6e376f344da1ef323d270b44edf8174d6bce4d622/pydantic_core-2.33.2-cp313-cp313-manylinux_2_17_aarch64.manylinux2014_aarch64.whl", hash = "sha256:0a9f2c9dd19656823cb8250b0724ee9c60a82f3cdf68a080979d13092a3b0fef", size = 1885580, upload-time = "2025-04-23T18:31:57.393Z" },
    { url = "https://files.pythonhosted.org/packages/3b/2a/953581f343c7d11a304581156618c3f592435523dd9d79865903272c256a/pydantic_core-2.33.2-cp313-cp313-manylinux_2_17_armv7l.manylinux2014_armv7l.whl", hash = "sha256:2b0a451c263b01acebe51895bfb0e1cc842a5c666efe06cdf13846c7418caa9a", size = 1973859, upload-time = "2025-04-23T18:31:59.065Z" },
    { url = "https://files.pythonhosted.org/packages/e6/55/f1a813904771c03a3f97f676c62cca0c0a4138654107c1b61f19c644868b/pydantic_core-2.33.2-cp313-cp313-manylinux_2_17_ppc64le.manylinux2014_ppc64le.whl", hash = "sha256:1ea40a64d23faa25e62a70ad163571c0b342b8bf66d5fa612ac0dec4f069d916", size = 2120810, upload-time = "2025-04-23T18:32:00.78Z" },
    { url = "https://files.pythonhosted.org/packages/aa/c3/053389835a996e18853ba107a63caae0b9deb4a276c6b472931ea9ae6e48/pydantic_core-2.33.2-cp313-cp313-manylinux_2_17_s390x.manylinux2014_s390x.whl", hash = "sha256:0fb2d542b4d66f9470e8065c5469ec676978d625a8b7a363f07d9a501a9cb36a", size = 2676498, upload-time = "2025-04-23T18:32:02.418Z" },
    { url = "https://files.pythonhosted.org/packages/eb/3c/f4abd740877a35abade05e437245b192f9d0ffb48bbbbd708df33d3cda37/pydantic_core-2.33.2-cp313-cp313-manylinux_2_17_x86_64.manylinux2014_x86_64.whl", hash = "sha256:9fdac5d6ffa1b5a83bca06ffe7583f5576555e6c8b3a91fbd25ea7780f825f7d", size = 2000611, upload-time = "2025-04-23T18:32:04.152Z" },
    { url = "https://files.pythonhosted.org/packages/59/a7/63ef2fed1837d1121a894d0ce88439fe3e3b3e48c7543b2a4479eb99c2bd/pydantic_core-2.33.2-cp313-cp313-manylinux_2_5_i686.manylinux1_i686.whl", hash = "sha256:04a1a413977ab517154eebb2d326da71638271477d6ad87a769102f7c2488c56", size = 2107924, upload-time = "2025-04-23T18:32:06.129Z" },
    { url = "https://files.pythonhosted.org/packages/04/8f/2551964ef045669801675f1cfc3b0d74147f4901c3ffa42be2ddb1f0efc4/pydantic_core-2.33.2-cp313-cp313-musllinux_1_1_aarch64.whl", hash = "sha256:c8e7af2f4e0194c22b5b37205bfb293d166a7344a5b0d0eaccebc376546d77d5", size = 2063196, upload-time = "2025-04-23T18:32:08.178Z" },
    { url = "https://files.pythonhosted.org/packages/26/bd/d9602777e77fc6dbb0c7db9ad356e9a985825547dce5ad1d30ee04903918/pydantic_core-2.33.2-cp313-cp313-musllinux_1_1_armv7l.whl", hash = "sha256:5c92edd15cd58b3c2d34873597a1e20f13094f59cf88068adb18947df5455b4e", size = 2236389, upload-time = "2025-04-23T18:32:10.242Z" },
    { url = "https://files.pythonhosted.org/packages/42/db/0e950daa7e2230423ab342ae918a794964b053bec24ba8af013fc7c94846/pydantic_core-2.33.2-cp313-cp313-musllinux_1_1_x86_64.whl", hash = "sha256:65132b7b4a1c0beded5e057324b7e16e10910c106d43675d9bd87d4f38dde162", size = 2239223, upload-time = "2025-04-23T18:32:12.382Z" },
    { url = "https://files.pythonhosted.org/packages/58/4d/4f937099c545a8a17eb52cb67fe0447fd9a373b348ccfa9a87f141eeb00f/pydantic_core-2.33.2-cp313-cp313-win32.whl", hash = "sha256:52fb90784e0a242bb96ec53f42196a17278855b0f31ac7c3cc6f5c1ec4811849", size = 1900473, upload-time = "2025-04-23T18:32:14.034Z" },
    { url = "https://files.pythonhosted.org/packages/a0/75/4a0a9bac998d78d889def5e4ef2b065acba8cae8c93696906c3a91f310ca/pydantic_core-2.33.2-cp313-cp313-win_amd64.whl", hash = "sha256:c083a3bdd5a93dfe480f1125926afcdbf2917ae714bdb80b36d34318b2bec5d9", size = 1955269, upload-time = "2025-04-23T18:32:15.783Z" },
    { url = "https://files.pythonhosted.org/packages/f9/86/1beda0576969592f1497b4ce8e7bc8cbdf614c352426271b1b10d5f0aa64/pydantic_core-2.33.2-cp313-cp313-win_arm64.whl", hash = "sha256:e80b087132752f6b3d714f041ccf74403799d3b23a72722ea2e6ba2e892555b9", size = 1893921, upload-time = "2025-04-23T18:32:18.473Z" },
    { url = "https://files.pythonhosted.org/packages/a4/7d/e09391c2eebeab681df2b74bfe6c43422fffede8dc74187b2b0bf6fd7571/pydantic_core-2.33.2-cp313-cp313t-macosx_11_0_arm64.whl", hash = "sha256:61c18fba8e5e9db3ab908620af374db0ac1baa69f0f32df4f61ae23f15e586ac", size = 1806162, upload-time = "2025-04-23T18:32:20.188Z" },
    { url = "https://files.pythonhosted.org/packages/f1/3d/847b6b1fed9f8ed3bb95a9ad04fbd0b212e832d4f0f50ff4d9ee5a9f15cf/pydantic_core-2.33.2-cp313-cp313t-manylinux_2_17_x86_64.manylinux2014_x86_64.whl", hash = "sha256:95237e53bb015f67b63c91af7518a62a8660376a6a0db19b89acc77a4d6199f5", size = 1981560, upload-time = "2025-04-23T18:32:22.354Z" },
    { url = "https://files.pythonhosted.org/packages/6f/9a/e73262f6c6656262b5fdd723ad90f518f579b7bc8622e43a942eec53c938/pydantic_core-2.33.2-cp313-cp313t-win_amd64.whl", hash = "sha256:c2fc0a768ef76c15ab9238afa6da7f69895bb5d1ee83aeea2e3509af4472d0b9", size = 1935777, upload-time = "2025-04-23T18:32:25.088Z" },
    { url = "https://files.pythonhosted.org/packages/7b/27/d4ae6487d73948d6f20dddcd94be4ea43e74349b56eba82e9bdee2d7494c/pydantic_core-2.33.2-pp311-pypy311_pp73-macosx_10_12_x86_64.whl", hash = "sha256:dd14041875d09cc0f9308e37a6f8b65f5585cf2598a53aa0123df8b129d481f8", size = 2025200, upload-time = "2025-04-23T18:33:14.199Z" },
    { url = "https://files.pythonhosted.org/packages/f1/b8/b3cb95375f05d33801024079b9392a5ab45267a63400bf1866e7ce0f0de4/pydantic_core-2.33.2-pp311-pypy311_pp73-macosx_11_0_arm64.whl", hash = "sha256:d87c561733f66531dced0da6e864f44ebf89a8fba55f31407b00c2f7f9449593", size = 1859123, upload-time = "2025-04-23T18:33:16.555Z" },
    { url = "https://files.pythonhosted.org/packages/05/bc/0d0b5adeda59a261cd30a1235a445bf55c7e46ae44aea28f7bd6ed46e091/pydantic_core-2.33.2-pp311-pypy311_pp73-manylinux_2_17_aarch64.manylinux2014_aarch64.whl", hash = "sha256:2f82865531efd18d6e07a04a17331af02cb7a651583c418df8266f17a63c6612", size = 1892852, upload-time = "2025-04-23T18:33:18.513Z" },
    { url = "https://files.pythonhosted.org/packages/3e/11/d37bdebbda2e449cb3f519f6ce950927b56d62f0b84fd9cb9e372a26a3d5/pydantic_core-2.33.2-pp311-pypy311_pp73-manylinux_2_17_x86_64.manylinux2014_x86_64.whl", hash = "sha256:2bfb5112df54209d820d7bf9317c7a6c9025ea52e49f46b6a2060104bba37de7", size = 2067484, upload-time = "2025-04-23T18:33:20.475Z" },
    { url = "https://files.pythonhosted.org/packages/8c/55/1f95f0a05ce72ecb02a8a8a1c3be0579bbc29b1d5ab68f1378b7bebc5057/pydantic_core-2.33.2-pp311-pypy311_pp73-manylinux_2_5_i686.manylinux1_i686.whl", hash = "sha256:64632ff9d614e5eecfb495796ad51b0ed98c453e447a76bcbeeb69615079fc7e", size = 2108896, upload-time = "2025-04-23T18:33:22.501Z" },
    { url = "https://files.pythonhosted.org/packages/53/89/2b2de6c81fa131f423246a9109d7b2a375e83968ad0800d6e57d0574629b/pydantic_core-2.33.2-pp311-pypy311_pp73-musllinux_1_1_aarch64.whl", hash = "sha256:f889f7a40498cc077332c7ab6b4608d296d852182211787d4f3ee377aaae66e8", size = 2069475, upload-time = "2025-04-23T18:33:24.528Z" },
    { url = "https://files.pythonhosted.org/packages/b8/e9/1f7efbe20d0b2b10f6718944b5d8ece9152390904f29a78e68d4e7961159/pydantic_core-2.33.2-pp311-pypy311_pp73-musllinux_1_1_armv7l.whl", hash = "sha256:de4b83bb311557e439b9e186f733f6c645b9417c84e2eb8203f3f820a4b988bf", size = 2239013, upload-time = "2025-04-23T18:33:26.621Z" },
    { url = "https://files.pythonhosted.org/packages/3c/b2/5309c905a93811524a49b4e031e9851a6b00ff0fb668794472ea7746b448/pydantic_core-2.33.2-pp311-pypy311_pp73-musllinux_1_1_x86_64.whl", hash = "sha256:82f68293f055f51b51ea42fafc74b6aad03e70e191799430b90c13d643059ebb", size = 2238715, upload-time = "2025-04-23T18:33:28.656Z" },
    { url = "https://files.pythonhosted.org/packages/32/56/8a7ca5d2cd2cda1d245d34b1c9a942920a718082ae8e54e5f3e5a58b7add/pydantic_core-2.33.2-pp311-pypy311_pp73-win_amd64.whl", hash = "sha256:329467cecfb529c925cf2bbd4d60d2c509bc2fb52a20c1045bf09bb70971a9c1", size = 2066757, upload-time = "2025-04-23T18:33:30.645Z" },
]

[[package]]
name = "pygments"
version = "2.20.0"
source = { registry = "https://pypi.org/simple" }
sdist = { url = "https://files.pythonhosted.org/packages/c3/b2/bc9c9196916376152d655522fdcebac55e66de6603a76a02bca1b6414f6c/pygments-2.20.0.tar.gz", hash = "sha256:6757cd03768053ff99f3039c1a36d6c0aa0b263438fcab17520b30a303a82b5f", size = 4955991, upload-time = "2026-03-29T13:29:33.898Z" }
wheels = [
    { url = "https://files.pythonhosted.org/packages/f4/7e/a72dd26f3b0f4f2bf1dd8923c85f7ceb43172af56d63c7383eb62b332364/pygments-2.20.0-py3-none-any.whl", hash = "sha256:81a9e26dd42fd28a23a2d169d86d7ac03b46e2f8b59ed4698fb4785f946d0176", size = 1231151, upload-time = "2026-03-29T13:29:30.038Z" },
]

[[package]]
name = "pytest"
version = "9.0.3"
source = { registry = "https://pypi.org/simple" }
dependencies = [
    { name = "colorama", marker = "sys_platform == 'win32'" },
    { name = "iniconfig" },
    { name = "packaging" },
    { name = "pluggy" },
    { name = "pygments" },
]
sdist = { url = "https://files.pythonhosted.org/packages/7d/0d/549bd94f1a0a402dc8cf64563a117c0f3765662e2e668477624baeec44d5/pytest-9.0.3.tar.gz", hash = "sha256:b86ada508af81d19edeb213c681b1d48246c1a91d304c6c81a427674c17eb91c", size = 1572165, upload-time = "2026-04-07T17:16:18.027Z" }
wheels = [
    { url = "https://files.pythonhosted.org/packages/d4/24/a372aaf5c9b7208e7112038812994107bc65a84cd00e0354a88c2c77a617/pytest-9.0.3-py3-none-any.whl", hash = "sha256:2c5efc453d45394fdd706ade797c0a81091eccd1d6e4bccfcd476e2b8e0ab5d9", size = 375249, upload-time = "2026-04-07T17:16:16.13Z" },
]

[[package]]
name = "rs-metalang-ref"
version = "0.1.0"
source = { editable = "." }
dependencies = [
    { name = "pydantic" },
]

[package.dev-dependencies]
dev = [
    { name = "hypothesis" },
    { name = "pytest" },
]

[package.metadata]
requires-dist = [{ name = "pydantic", specifier = "==2.11.7" }]

[package.metadata.requires-dev]
dev = [
    { name = "hypothesis", specifier = "==6.165.0" },
    { name = "pytest", specifier = "==9.0.3" },
]

[[package]]
name = "sortedcontainers"
version = "2.4.0"
source = { registry = "https://pypi.org/simple" }
sdist = { url = "https://files.pythonhosted.org/packages/e8/c4/ba2f8066cceb6f23394729afe52f3bf7adec04bf9ed2c820b39e19299111/sortedcontainers-2.4.0.tar.gz", hash = "sha256:25caa5a06cc30b6b83d11423433f65d1f9d76c4c6a0c90e3379eaa43b9bfdb88", size = 30594, upload-time = "2021-05-16T22:03:42.897Z" }
wheels = [
    { url = "https://files.pythonhosted.org/packages/32/46/9cb0e58b2deb7f82b84065f37f3bffeb12413f947f9388e4cac22c4621ce/sortedcontainers-2.4.0-py2.py3-none-any.whl", hash = "sha256:a163dcaede0f1c021485e957a39245190e74249897e2ae4b2aa38595db237ee0", size = 29575, upload-time = "2021-05-16T22:03:41.177Z" },
]

[[package]]
name = "typing-extensions"
version = "4.16.0"
source = { registry = "https://pypi.org/simple" }
sdist = { url = "https://files.pythonhosted.org/packages/f6/cc/6253133b5bb138fc3306cebfbda2c520f545d36b5be2c7255cc528bb45d6/typing_extensions-4.16.0.tar.gz", hash = "sha256:dc983d19a509c94dba722ee6abd33940f7c05a89e243c47e907eb4db6f1a43e5", size = 113555, upload-time = "2026-07-02T08:40:05.92Z" }
wheels = [
    { url = "https://files.pythonhosted.org/packages/49/d3/b8441a820a491ddfc024b0b0cf0393375b75ea13866d9c66727e54c2fc80/typing_extensions-4.16.0-py3-none-any.whl", hash = "sha256:481caa481374e813c1b176ada14e97f1f67a4539ce9cfeb3f350d78d6370c2e8", size = 45571, upload-time = "2026-07-02T08:40:04.659Z" },
]

[[package]]
name = "typing-inspection"
version = "0.4.2"
source = { registry = "https://pypi.org/simple" }
dependencies = [
    { name = "typing-extensions" },
]
sdist = { url = "https://files.pythonhosted.org/packages/55/e3/70399cb7dd41c10ac53367ae42139cf4b1ca5f36bb3dc6c9d33acdb43655/typing_inspection-0.4.2.tar.gz", hash = "sha256:ba561c48a67c5958007083d386c3295464928b01faa735ab8547c5692e87f464", size = 75949, upload-time = "2025-10-01T02:14:41.687Z" }
wheels = [
    { url = "https://files.pythonhosted.org/packages/dc/9b/47798a6c91d8bdb567fe2698fe81e0c6b7cb7ef4d13da4114b41d239f65d/typing_inspection-0.4.2-py3-none-any.whl", hash = "sha256:4ed1cacbdc298c220f1bd249ed5287caa16f34d44ef4e9c3d0cbad5b521545e7", size = 14611, upload-time = "2025-10-01T02:14:40.154Z" },
]
